
Microsoft Visual Studio Solution File, Format Version 12.00
# Visual Studio Version 16
VisualStudioVersion = 16.0.31702.278
MinimumVisualStudioVersion = 10.0.40219.1
Project("{FAE04EC0-301F-11D3-BF4B-00C04F79EFBC}") = "Grupo8.SoySano.Android", "Grupo8.SoySano.Android\Grupo8.SoySano.Android.csproj", "{773D5C7D-F7AB-440F-B8EB-CD2D31F11FAC}"
EndProject
Project("{FAE04EC0-301F-11D3-BF4B-00C04F79EFBC}") = "Grupo8.SoySano", "Grupo8.SoySano\Grupo8.SoySano.csproj", "{F6339FDA-04FC-4966-89DF-6DDFFCD922CA}"
EndProject
Global
	GlobalSection(SolutionConfigurationPlatforms) = preSolution
		Debug|Any CPU = Debug|Any CPU
		Release|Any CPU = Release|Any CPU
	EndGlobalSection
	GlobalSection(ProjectConfigurationPlatforms) = postSolution
		{773D5C7D-F7AB-440F-B8EB-CD2D31F11FAC}.Debug|Any CPU.ActiveCfg = Debug|Any CPU
		{773D5C7D-F7AB-440F-B8EB-CD2D31F11FAC}.Debug|Any CPU.Build.0 = Debug|Any CPU
		{773D5C7D-F7AB-440F-B8EB-CD2D31F11FAC}.Debug|Any CPU.Deploy.0 = Debug|Any CPU
		{773D5C7D-F7AB-440F-B8EB-CD2D31F11FAC}.Release|Any CPU.ActiveCfg = Release|Any CPU
		{773D5C7D-F7AB-440F-B8EB-CD2D31F11FAC}.Release|Any CPU.Build.0 = Release|Any CPU
		{773D5C7D-F7AB-440F-B8EB-CD2D31F11FAC}.Release|Any CPU.Deploy.0 = Release|Any CPU
		{F6339FDA-04FC-4966-89DF-6DDFFCD922CA}.Debug|Any CPU.ActiveCfg = Debug|Any CPU
		{F6339FDA-04FC-4966-89DF-6DDFFCD922CA}.Debug|Any CPU.Build.0 = Debug|Any CPU
		{F6339FDA-04FC-4966-89DF-6DDFFCD922CA}.Debug|Any CPU.Deploy.0 = Debug|Any CPU
		{F6339FDA-04FC-4966-89DF-6DDFFCD922CA}.Release|Any CPU.ActiveCfg = Release|Any CPU
		{F6339FDA-04FC-4966-89DF-6DDFFCD922CA}.Release|Any CPU.Build.0 = Release|Any CPU
		{F6339FDA-04FC-4966-89DF-6DDFFCD922CA}.Release|Any CPU.Deploy.0 = Release|Any CPU
	EndGlobalSection
	GlobalSection(SolutionProperties) = preSolution
		HideSolutionNode = FALSE
	EndGlobalSection
	GlobalSection(ExtensibilityGlobals) = postSolution
		SolutionGuid = {0E11939D-58D8-4412-A2E8-4246E2505D3F}
	EndGlobalSection
EndGlobal
